
Microsoft Visual Studio Solution File, Format Version 12.00
# Visual Studio Version 16
VisualStudioVersion = 16.0.29509.3
MinimumVisualStudioVersion = 10.0.40219.1
Project("{FAE04EC0-301F-11D3-BF4B-00C04F79EFBC}") = "Pratz.Web", "Pratz.Web\Pratz.Web.csproj", "{4230B305-331D-4E42-9EC3-5809754B4BA8}"
EndProject
Global
	GlobalSection(SolutionConfigurationPlatforms) = preSolution
		Debug|Any CPU = Debug|Any CPU
		Release|Any CPU = Release|Any CPU
	EndGlobalSection
	GlobalSection(ProjectConfigurationPlatforms) = postSolution
		{4230B305-331D-4E42-9EC3-5809754B4BA8}.Debug|Any CPU.ActiveCfg = Debug|Any CPU
		{4230B305-331D-4E42-9EC3-5809754B4BA8}.Debug|Any CPU.Build.0 = Debug|Any CPU
		{4230B305-331D-4E42-9EC3-5809754B4BA8}.Release|Any CPU.ActiveCfg = Release|Any CPU
		{4230B305-331D-4E42-9EC3-5809754B4BA8}.Release|Any CPU.Build.0 = Release|Any CPU
	EndGlobalSection
	GlobalSection(SolutionProperties) = preSolution
		HideSolutionNode = FALSE
	EndGlobalSection
	GlobalSection(ExtensibilityGlobals) = postSolution
		SolutionGuid = {B3965946-67F1-4623-94FA-FB9A72EE48F4}
	EndGlobalSection
EndGlobal
